{
  "name": "@hmcts-cft/cft-ui-component-lib",
  "version": "0.1.0-alpha.3",
  "lockfileVersion": 3,
  "requires": true,
  "packages": {
    "": {
      "name": "@hmcts-cft/cft-ui-component-lib",
      "version": "0.1.0-alpha.3",
      "devDependencies": {
        "nunjucks": "^3.2.4",
        "typescript": "^5.8.2"
      },
      "engines": {
        "node": ">=20"
      },
      "peerDependencies": {
        "nunjucks": ">=3"
      }
    },
    "node_modules/a-sync-waterfall": {
      "version": "1.0.1",
      "resolved": "https://registry.npmjs.org/a-sync-waterfall/-/a-sync-waterfall-1.0.1.tgz",
      "integrity": "sha512-RYTOHHdWipFUliRFMCS4X2Yn2X8M87V/OpSqWzKKOGhzqyUxzyVmhHDH9sAvG+ZuQf/TAOFsLCpMw09I1ufUnA==",
      "dev": true,
      "license": "MIT"
    },
    "node_modules/asap": {
      "version": "2.0.6",
      "resolved": "https://registry.npmjs.org/asap/-/asap-2.0.6.tgz",
      "integrity": "sha512-BSHWgDSAiKs50o2Re8ppvp3seVHXSRM44cdSsT9FfNEUUZLOGWVCsiWaRPWM1Znn+mqZ1OfVZ3z3DWEzSp7hRA==",
      "dev": true,
      "license": "MIT"
    },
    "node_modules/commander": {
      "version": "5.1.0",
      "resolved": "https://registry.npmjs.org/commander/-/commander-5.1.0.tgz",
      "integrity": "sha512-P0CysNDQ7rtVw4QIQtm+MRxV66vKFSvlsQvGYXZWR3qFU0jlMKHZZZgw8e+8DSah4UDKMqnknRDQz+xuQXQ/Zg==",
      "dev": true,
      "license": "MIT",
      "engines": {
        "node": ">= 6"
      }
    },
    "node_modules/nunjucks": {
      "version": "3.2.4",
      "resolved": "https://registry.npmjs.org/nunjucks/-/nunjucks-3.2.4.tgz",
      "integrity": "sha512-26XRV6BhkgK0VOxfbU5cQI+ICFUtMLixv1noZn1tGU38kQH5A5nmmbk/O45xdyBhD1esk47nKrY0mvQpZIhRjQ==",
      "dev": true,
      "license": "BSD-2-Clause",
      "dependencies": {
        "a-sync-waterfall": "^1.0.0",
        "asap": "^2.0.3",
        "commander": "^5.1.0"
      },
      "bin": {
        "nunjucks-precompile": "bin/precompile"
      },
      "engines": {
        "node": ">= 6.9.0"
      },
      "peerDependencies": {
        "chokidar": "^3.3.0"
      },
      "peerDependenciesMeta": {
        "chokidar": {
          "optional": true
        }
      }
    },
    "node_modules/typescript": {
      "version": "5.9.3",
      "resolved": "https://registry.npmjs.org/typescript/-/typescript-5.9.3.tgz",
      "integrity": "sha512-jl1vZzPDinLr9eUt3J/t7V6FgNEw9QjvBPdysz9KfQDD41fQrC2Y4vKQdiaUpFT4bXlb1RHhLpp8wtm6M5TgSw==",
      "dev": true,
      "license": "Apache-2.0",
      "bin": {
        "tsc": "bin/tsc",
        "tsserver": "bin/tsserver"
      },
      "engines": {
        "node": ">=14.17"
      }
    }
  }
}
